
Microsoft Visual Studio Solution File, Format Version 12.00
# Visual Studio Version 16
VisualStudioVersion = 16.0.31205.134
MinimumVisualStudioVersion = 10.0.40219.1
Project("{9092AA53-FB77-4645-B42D-1CCCA6BD08BD}") = "NodejsGame", "NodejsGame.njsproj", "{E49F068D-1108-4526-962E-79CC39F87C0E}"
EndProject
Global
	GlobalSection(SolutionConfigurationPlatforms) = preSolution
		Debug|Any CPU = Debug|Any CPU
		Release|Any CPU = Release|Any CPU
	EndGlobalSection
	GlobalSection(ProjectConfigurationPlatforms) = postSolution
		{E49F068D-1108-4526-962E-79CC39F87C0E}.Debug|Any CPU.ActiveCfg = Debug|Any CPU
		{E49F068D-1108-4526-962E-79CC39F87C0E}.Debug|Any CPU.Build.0 = Debug|Any CPU
		{E49F068D-1108-4526-962E-79CC39F87C0E}.Release|Any CPU.ActiveCfg = Release|Any CPU
		{E49F068D-1108-4526-962E-79CC39F87C0E}.Release|Any CPU.Build.0 = Release|Any CPU
	EndGlobalSection
	GlobalSection(SolutionProperties) = preSolution
		HideSolutionNode = FALSE
	EndGlobalSection
	GlobalSection(ExtensibilityGlobals) = postSolution
		SolutionGuid = {D6067F4C-CE72-4F56-96BB-957592575994}
	EndGlobalSection
EndGlobal
